
Microsoft Visual Studio Solution File, Format Version 12.00
# Visual Studio Version 17
VisualStudioVersion = 17.5.33424.131
MinimumVisualStudioVersion = 10.0.40219.1
Project("{FAE04EC0-301F-11D3-BF4B-00C04F79EFBC}") = "Dijkstra's_algorithm", "Dijkstra's_algorithm\Dijkstra's_algorithm.csproj", "{52210CE5-F806-429D-8056-F32036D310F6}"
EndProject
Global
	GlobalSection(SolutionConfigurationPlatforms) = preSolution
		Debug|Any CPU = Debug|Any CPU
		Release|Any CPU = Release|Any CPU
	EndGlobalSection
	GlobalSection(ProjectConfigurationPlatforms) = postSolution
		{52210CE5-F806-429D-8056-F32036D310F6}.Debug|Any CPU.ActiveCfg = Debug|Any CPU
		{52210CE5-F806-429D-8056-F32036D310F6}.Debug|Any CPU.Build.0 = Debug|Any CPU
		{52210CE5-F806-429D-8056-F32036D310F6}.Release|Any CPU.ActiveCfg = Release|Any CPU
		{52210CE5-F806-429D-8056-F32036D310F6}.Release|Any CPU.Build.0 = Release|Any CPU
	EndGlobalSection
	GlobalSection(SolutionProperties) = preSolution
		HideSolutionNode = FALSE
	EndGlobalSection
	GlobalSection(ExtensibilityGlobals) = postSolution
		SolutionGuid = {D38B6F01-248E-4674-B65E-E71F11FECFBB}
	EndGlobalSection
EndGlobal
